// !$*UTF8*$!
{
	archiveVersion = 1;
	classes = {
	};
	objectVersion = 56;
	objects = {

/* Begin PBXBuildFile section */
		DD5826D728E3A3D50085849D /* AfricaApp.swift in Sources */ = {isa = PBXBuildFile; fileRef = DD5826D628E3A3D50085849D /* AfricaApp.swift */; };
		DD5826D928E3A3D50085849D /* ContentView.swift in Sources */ = {isa = PBXBuildFile; fileRef = DD5826D828E3A3D50085849D /* ContentView.swift */; };
		DD5826DB28E3A3D60085849D /* Assets.xcassets in Resources */ = {isa = PBXBuildFile; fileRef = DD5826DA28E3A3D60085849D /* Assets.xcassets */; };
		DD5826DE28E3A3D60085849D /* Preview Assets.xcassets in Resources */ = {isa = PBXBuildFile; fileRef = DD5826DD28E3A3D60085849D /* Preview Assets.xcassets */; };
		DD5826EA28E3B4910085849D /* videos.json in Resources */ = {isa = PBXBuildFile; fileRef = DD5826E628E3B4910085849D /* videos.json */; };
		DD5826EB28E3B4910085849D /* locations.json in Resources */ = {isa = PBXBuildFile; fileRef = DD5826E728E3B4910085849D /* locations.json */; };
		DD5826EC28E3B4910085849D /* covers.json in Resources */ = {isa = PBXBuildFile; fileRef = DD5826E828E3B4910085849D /* covers.json */; };
		DD5826ED28E3B4910085849D /* animals.json in Resources */ = {isa = PBXBuildFile; fileRef = DD5826E928E3B4910085849D /* animals.json */; };
		DD58270F28E3E1B70085849D /* rhino.mp4 in Resources */ = {isa = PBXBuildFile; fileRef = DD58270E28E3E1B70085849D /* rhino.mp4 */; };
		DD58271128E3E2630085849D /* cheetah.mp4 in Resources */ = {isa = PBXBuildFile; fileRef = DD58271028E3E2630085849D /* cheetah.mp4 */; };
		DD58271328E3E2A60085849D /* elephant.mp4 in Resources */ = {isa = PBXBuildFile; fileRef = DD58271228E3E2A60085849D /* elephant.mp4 */; };
		DD58271728E3E4B80085849D /* giraffe.mp4 in Resources */ = {isa = PBXBuildFile; fileRef = DD58271628E3E4B80085849D /* giraffe.mp4 */; };
		DD58271928E3E4F80085849D /* gorilla.mp4 in Resources */ = {isa = PBXBuildFile; fileRef = DD58271828E3E4F80085849D /* gorilla.mp4 */; };
		DD58271B28E3E5570085849D /* hippo.mp4 in Resources */ = {isa = PBXBuildFile; fileRef = DD58271A28E3E5560085849D /* hippo.mp4 */; };
		DD58271D28E3E58C0085849D /* lion.mp4 in Resources */ = {isa = PBXBuildFile; fileRef = DD58271C28E3E58C0085849D /* lion.mp4 */; };
		DD58271F28E3E5AD0085849D /* lioness.mp4 in Resources */ = {isa = PBXBuildFile; fileRef = DD58271E28E3E5AD0085849D /* lioness.mp4 */; };
		DD58272128E3E5CB0085849D /* ostrich.mp4 in Resources */ = {isa = PBXBuildFile; fileRef = DD58272028E3E5CB0085849D /* ostrich.mp4 */; };
		DD58272328E3E5E90085849D /* zebra.mp4 in Resources */ = {isa = PBXBuildFile; fileRef = DD58272228E3E5E90085849D /* zebra.mp4 */; };
		DD58272628E3EA7F0085849D /* VideoListView.swift in Sources */ = {isa = PBXBuildFile; fileRef = DD58272528E3EA7F0085849D /* VideoListView.swift */; };
		DD58272828E479180085849D /* MapView.swift in Sources */ = {isa = PBXBuildFile; fileRef = DD58272728E479180085849D /* MapView.swift */; };
		DD58272A28E4795E0085849D /* GalleryView.swift in Sources */ = {isa = PBXBuildFile; fileRef = DD58272928E4795E0085849D /* GalleryView.swift */; };
		DD58272C28E4798D0085849D /* MainView.swift in Sources */ = {isa = PBXBuildFile; fileRef = DD58272B28E4798D0085849D /* MainView.swift */; };
		DD58272F28E4D8590085849D /* CoverImageView.swift in Sources */ = {isa = PBXBuildFile; fileRef = DD58272E28E4D8590085849D /* CoverImageView.swift */; };
		DD58273228E4E0D40085849D /* CoverImageModel.swift in Sources */ = {isa = PBXBuildFile; fileRef = DD58273128E4E0D40085849D /* CoverImageModel.swift */; };
		DD58273528E4F42F0085849D /* CodableBundleExtension.swift in Sources */ = {isa = PBXBuildFile; fileRef = DD58273428E4F42F0085849D /* CodableBundleExtension.swift */; };
		DD58273728E4FF260085849D /* AnimalListItemView.swift in Sources */ = {isa = PBXBuildFile; fileRef = DD58273628E4FF260085849D /* AnimalListItemView.swift */; };
		DD58273928E5023A0085849D /* AnimalModel.swift in Sources */ = {isa = PBXBuildFile; fileRef = DD58273828E5023A0085849D /* AnimalModel.swift */; };
/* End PBXBuildFile section */

/* Begin PBXFileReference section */
		DD5826D328E3A3D50085849D /* Africa.app */ = {isa = PBXFileReference; explicitFileType = wrapper.application; includeInIndex = 0; path = Africa.app; sourceTree = BUILT_PRODUCTS_DIR; };
		DD5826D628E3A3D50085849D /* AfricaApp.swift */ = {isa = PBXFileReference; lastKnownFileType = sourcecode.swift; path = AfricaApp.swift; sourceTree = "<group>"; };
		DD5826D828E3A3D50085849D /* ContentView.swift */ = {isa = PBXFileReference; lastKnownFileType = sourcecode.swift; path = ContentView.swift; sourceTree = "<group>"; };
		DD5826DA28E3A3D60085849D /* Assets.xcassets */ = {isa = PBXFileReference; lastKnownFileType = folder.assetcatalog; path = Assets.xcassets; sourceTree = "<group>"; };
		DD5826DD28E3A3D60085849D /* Preview Assets.xcassets */ = {isa = PBXFileReference; lastKnownFileType = folder.assetcatalog; path = "Preview Assets.xcassets"; sourceTree = "<group>"; };
		DD5826E628E3B4910085849D /* videos.json */ = {isa = PBXFileReference; fileEncoding = 4; lastKnownFileType = text.json; path = videos.json; sourceTree = "<group>"; };
		DD5826E728E3B4910085849D /* locations.json */ = {isa = PBXFileReference; fileEncoding = 4; lastKnownFileType = text.json; path = locations.json; sourceTree = "<group>"; };
		DD5826E828E3B4910085849D /* covers.json */ = {isa = PBXFileReference; fileEncoding = 4; lastKnownFileType = text.json; path = covers.json; sourceTree = "<group>"; };
		DD5826E928E3B4910085849D /* animals.json */ = {isa = PBXFileReference; fileEncoding = 4; lastKnownFileType = text.json; path = animals.json; sourceTree = "<group>"; };
		DD58270E28E3E1B70085849D /* rhino.mp4 */ = {isa = PBXFileReference; lastKnownFileType = file; path = rhino.mp4; sourceTree = "<group>"; };
		DD58271028E3E2630085849D /* cheetah.mp4 */ = {isa = PBXFileReference; lastKnownFileType = file; path = cheetah.mp4; sourceTree = "<group>"; };
		DD58271228E3E2A60085849D /* elephant.mp4 */ = {isa = PBXFileReference; lastKnownFileType = file; path = elephant.mp4; sourceTree = "<group>"; };
		DD58271628E3E4B80085849D /* giraffe.mp4 */ = {isa = PBXFileReference; lastKnownFileType = file; path = giraffe.mp4; sourceTree = "<group>"; };
		DD58271828E3E4F80085849D /* gorilla.mp4 */ = {isa = PBXFileReference; lastKnownFileType = file; path = gorilla.mp4; sourceTree = "<group>"; };
		DD58271A28E3E5560085849D /* hippo.mp4 */ = {isa = PBXFileReference; lastKnownFileType = file; path = hippo.mp4; sourceTree = "<group>"; };
		DD58271C28E3E58C0085849D /* lion.mp4 */ = {isa = PBXFileReference; lastKnownFileType = file; path = lion.mp4; sourceTree = "<group>"; };
		DD58271E28E3E5AD0085849D /* lioness.mp4 */ = {isa = PBXFileReference; lastKnownFileType = file; path = lioness.mp4; sourceTree = "<group>"; };
		DD58272028E3E5CB0085849D /* ostrich.mp4 */ = {isa = PBXFileReference; lastKnownFileType = file; path = ostrich.mp4; sourceTree = "<group>"; };
		DD58272228E3E5E90085849D /* zebra.mp4 */ = {isa = PBXFileReference; lastKnownFileType = file; path = zebra.mp4; sourceTree = "<group>"; };
		DD58272428E3E9150085849D /* Info.plist */ = {isa = PBXFileReference; lastKnownFileType = text.plist; path = Info.plist; sourceTree = "<group>"; };
		DD58272528E3EA7F0085849D /* VideoListView.swift */ = {isa = PBXFileReference; lastKnownFileType = sourcecode.swift; path = VideoListView.swift; sourceTree = "<group>"; };
		DD58272728E479180085849D /* MapView.swift */ = {isa = PBXFileReference; lastKnownFileType = sourcecode.swift; path = MapView.swift; sourceTree = "<group>"; };
		DD58272928E4795E0085849D /* GalleryView.swift */ = {isa = PBXFileReference; lastKnownFileType = sourcecode.swift; path = GalleryView.swift; sourceTree = "<group>"; };
		DD58272B28E4798D0085849D /* MainView.swift */ = {isa = PBXFileReference; lastKnownFileType = sourcecode.swift; path = MainView.swift; sourceTree = "<group>"; };
		DD58272E28E4D8590085849D /* CoverImageView.swift */ = {isa = PBXFileReference; lastKnownFileType = sourcecode.swift; path = CoverImageView.swift; sourceTree = "<group>"; };
		DD58273128E4E0D40085849D /* CoverImageModel.swift */ = {isa = PBXFileReference; lastKnownFileType = sourcecode.swift; path = CoverImageModel.swift; sourceTree = "<group>"; };
		DD58273428E4F42F0085849D /* CodableBundleExtension.swift */ = {isa = PBXFileReference; lastKnownFileType = sourcecode.swift; path = CodableBundleExtension.swift; sourceTree = "<group>"; };
		DD58273628E4FF260085849D /* AnimalListItemView.swift */ = {isa = PBXFileReference; lastKnownFileType = sourcecode.swift; path = AnimalListItemView.swift; sourceTree = "<group>"; };
		DD58273828E5023A0085849D /* AnimalModel.swift */ = {isa = PBXFileReference; lastKnownFileType = sourcecode.swift; path = AnimalModel.swift; sourceTree = "<group>"; };
/* End PBXFileReference section */

/* Begin PBXFrameworksBuildPhase section */
		DD5826D028E3A3D50085849D /* Frameworks */ = {
			isa = PBXFrameworksBuildPhase;
			buildActionMask = 2147483647;
			files = (
			);
			runOnlyForDeploymentPostprocessing = 0;
		};
/* End PBXFrameworksBuildPhase section */

/* Begin PBXGroup section */
		DD5826CA28E3A3D50085849D = {
			isa = PBXGroup;
			children = (
				DD5826D528E3A3D50085849D /* Africa */,
				DD5826D428E3A3D50085849D /* Products */,
			);
			sourceTree = "<group>";
		};
		DD5826D428E3A3D50085849D /* Products */ = {
			isa = PBXGroup;
			children = (
				DD5826D328E3A3D50085849D /* Africa.app */,
			);
			name = Products;
			sourceTree = "<group>";
		};
		DD5826D528E3A3D50085849D /* Africa */ = {
			isa = PBXGroup;
			children = (
				DD58273328E4F4180085849D /* Extension */,
				DD58273028E4E0B00085849D /* Model */,
				DD58272D28E4D8440085849D /* View */,
				DD58272428E3E9150085849D /* Info.plist */,
				DD58270D28E3E19D0085849D /* Videos */,
				DD5826E528E3B4840085849D /* Data */,
				DD5826E428E3A66B0085849D /* App */,
				DD5826DA28E3A3D60085849D /* Assets.xcassets */,
				DD5826DC28E3A3D60085849D /* Preview Content */,
			);
			path = Africa;
			sourceTree = "<group>";
		};
		DD5826DC28E3A3D60085849D /* Preview Content */ = {
			isa = PBXGroup;
			children = (
				DD5826DD28E3A3D60085849D /* Preview Assets.xcassets */,
			);
			path = "Preview Content";
			sourceTree = "<group>";
		};
		DD5826E428E3A66B0085849D /* App */ = {
			isa = PBXGroup;
			children = (
				DD5826D628E3A3D50085849D /* AfricaApp.swift */,
				DD5826D828E3A3D50085849D /* ContentView.swift */,
				DD58272528E3EA7F0085849D /* VideoListView.swift */,
				DD58272728E479180085849D /* MapView.swift */,
				DD58272928E4795E0085849D /* GalleryView.swift */,
				DD58272B28E4798D0085849D /* MainView.swift */,
			);
			path = App;
			sourceTree = "<group>";
		};
		DD5826E528E3B4840085849D /* Data */ = {
			isa = PBXGroup;
			children = (
				DD5826E928E3B4910085849D /* animals.json */,
				DD5826E828E3B4910085849D /* covers.json */,
				DD5826E728E3B4910085849D /* locations.json */,
				DD5826E628E3B4910085849D /* videos.json */,
			);
			path = Data;
			sourceTree = "<group>";
		};
		DD58270D28E3E19D0085849D /* Videos */ = {
			isa = PBXGroup;
			children = (
				DD58272228E3E5E90085849D /* zebra.mp4 */,
				DD58272028E3E5CB0085849D /* ostrich.mp4 */,
				DD58271E28E3E5AD0085849D /* lioness.mp4 */,
				DD58271C28E3E58C0085849D /* lion.mp4 */,
				DD58271A28E3E5560085849D /* hippo.mp4 */,
				DD58271828E3E4F80085849D /* gorilla.mp4 */,
				DD58271628E3E4B80085849D /* giraffe.mp4 */,
				DD58271228E3E2A60085849D /* elephant.mp4 */,
				DD58271028E3E2630085849D /* cheetah.mp4 */,
				DD58270E28E3E1B70085849D /* rhino.mp4 */,
			);
			path = Videos;
			sourceTree = "<group>";
		};
		DD58272D28E4D8440085849D /* View */ = {
			isa = PBXGroup;
			children = (
				DD58272E28E4D8590085849D /* CoverImageView.swift */,
				DD58273628E4FF260085849D /* AnimalListItemView.swift */,
			);
			path = View;
			sourceTree = "<group>";
		};
		DD58273028E4E0B00085849D /* Model */ = {
			isa = PBXGroup;
			children = (
				DD58273128E4E0D40085849D /* CoverImageModel.swift */,
				DD58273828E5023A0085849D /* AnimalModel.swift */,
			);
			path = Model;
			sourceTree = "<group>";
		};
		DD58273328E4F4180085849D /* Extension */ = {
			isa = PBXGroup;
			children = (
				DD58273428E4F42F0085849D /* CodableBundleExtension.swift */,
			);
			path = Extension;
			sourceTree = "<group>";
		};
/* End PBXGroup section */

/* Begin PBXNativeTarget section */
		DD5826D228E3A3D50085849D /* Africa */ = {
			isa = PBXNativeTarget;
			buildConfigurationList = DD5826E128E3A3D60085849D /* Build configuration list for PBXNativeTarget "Africa" */;
			buildPhases = (
				DD5826CF28E3A3D50085849D /* Sources */,
				DD5826D028E3A3D50085849D /* Frameworks */,
				DD5826D128E3A3D50085849D /* Resources */,
			);
			buildRules = (
			);
			dependencies = (
			);
			name = Africa;
			productName = Africa;
			productReference = DD5826D328E3A3D50085849D /* Africa.app */;
			productType = "com.apple.product-type.application";
		};
/* End PBXNativeTarget section */

/* Begin PBXProject section */
		DD5826CB28E3A3D50085849D /* Project object */ = {
			isa = PBXProject;
			attributes = {
				BuildIndependentTargetsInParallel = 1;
				LastSwiftUpdateCheck = 1400;
				LastUpgradeCheck = 1400;
				TargetAttributes = {
					DD5826D228E3A3D50085849D = {
						CreatedOnToolsVersion = 14.0.1;
					};
				};
			};
			buildConfigurationList = DD5826CE28E3A3D50085849D /* Build configuration list for PBXProject "Africa" */;
			compatibilityVersion = "Xcode 14.0";
			developmentRegion = en;
			hasScannedForEncodings = 0;
			knownRegions = (
				en,
				Base,
			);
			mainGroup = DD5826CA28E3A3D50085849D;
			productRefGroup = DD5826D428E3A3D50085849D /* Products */;
			projectDirPath = "";
			projectRoot = "";
			targets = (
				DD5826D228E3A3D50085849D /* Africa */,
			);
		};
/* End PBXProject section */

/* Begin PBXResourcesBuildPhase section */
		DD5826D128E3A3D50085849D /* Resources */ = {
			isa = PBXResourcesBuildPhase;
			buildActionMask = 2147483647;
			files = (
				DD58271D28E3E58C0085849D /* lion.mp4 in Resources */,
				DD5826EC28E3B4910085849D /* covers.json in Resources */,
				DD5826DE28E3A3D60085849D /* Preview Assets.xcassets in Resources */,
				DD58272128E3E5CB0085849D /* ostrich.mp4 in Resources */,
				DD5826DB28E3A3D60085849D /* Assets.xcassets in Resources */,
				DD58271928E3E4F80085849D /* gorilla.mp4 in Resources */,
				DD58271F28E3E5AD0085849D /* lioness.mp4 in Resources */,
				DD58271B28E3E5570085849D /* hippo.mp4 in Resources */,
				DD5826ED28E3B4910085849D /* animals.json in Resources */,
				DD58271128E3E2630085849D /* cheetah.mp4 in Resources */,
				DD58271728E3E4B80085849D /* giraffe.mp4 in Resources */,
				DD58270F28E3E1B70085849D /* rhino.mp4 in Resources */,
				DD58272328E3E5E90085849D /* zebra.mp4 in Resources */,
				DD5826EB28E3B4910085849D /* locations.json in Resources */,
				DD5826EA28E3B4910085849D /* videos.json in Resources */,
				DD58271328E3E2A60085849D /* elephant.mp4 in Resources */,
			);
			runOnlyForDeploymentPostprocessing = 0;
		};
/* End PBXResourcesBuildPhase section */

/* Begin PBXSourcesBuildPhase section */
		DD5826CF28E3A3D50085849D /* Sources */ = {
			isa = PBXSourcesBuildPhase;
			buildActionMask = 2147483647;
			files = (
				DD5826D928E3A3D50085849D /* ContentView.swift in Sources */,
				DD58273728E4FF260085849D /* AnimalListItemView.swift in Sources */,
				DD58272C28E4798D0085849D /* MainView.swift in Sources */,
				DD58272F28E4D8590085849D /* CoverImageView.swift in Sources */,
				DD58273228E4E0D40085849D /* CoverImageModel.swift in Sources */,
				DD58273928E5023A0085849D /* AnimalModel.swift in Sources */,
				DD58272828E479180085849D /* MapView.swift in Sources */,
				DD5826D728E3A3D50085849D /* AfricaApp.swift in Sources */,
				DD58272628E3EA7F0085849D /* VideoListView.swift in Sources */,
				DD58272A28E4795E0085849D /* GalleryView.swift in Sources */,
				DD58273528E4F42F0085849D /* CodableBundleExtension.swift in Sources */,
			);
			runOnlyForDeploymentPostprocessing = 0;
		};
/* End PBXSourcesBuildPhase section */

/* Begin XCBuildConfiguration section */
		DD5826DF28E3A3D60085849D /* Debug */ = {
			isa = XCBuildConfiguration;
			buildSettings = {
				ALWAYS_SEARCH_USER_PATHS = NO;
				CLANG_ANALYZER_NONNULL = YES;
				CLANG_ANALYZER_NUMBER_OBJECT_CONVERSION = YES_AGGRESSIVE;
				CLANG_CXX_LANGUAGE_STANDARD = "gnu++20";
				CLANG_ENABLE_MODULES = YES;
				CLANG_ENABLE_OBJC_ARC = YES;
				CLANG_ENABLE_OBJC_WEAK = YES;
				CLANG_WARN_BLOCK_CAPTURE_AUTORELEASING = YES;
				CLANG_WARN_BOOL_CONVERSION = YES;
				CLANG_WARN_COMMA = YES;
				CLANG_WARN_CONSTANT_CONVERSION = YES;
				CLANG_WARN_DEPRECATED_OBJC_IMPLEMENTATIONS = YES;
				CLANG_WARN_DIRECT_OBJC_ISA_USAGE = YES_ERROR;
				CLANG_WARN_DOCUMENTATION_COMMENTS = YES;
				CLANG_WARN_EMPTY_BODY = YES;
				CLANG_WARN_ENUM_CONVERSION = YES;
				CLANG_WARN_INFINITE_RECURSION = YES;
				CLANG_WARN_INT_CONVERSION = YES;
				CLANG_WARN_NON_LITERAL_NULL_CONVERSION = YES;
				CLANG_WARN_OBJC_IMPLICIT_RETAIN_SELF = YES;
				CLANG_WARN_OBJC_LITERAL_CONVERSION = YES;
				CLANG_WARN_OBJC_ROOT_CLASS = YES_ERROR;
				CLANG_WARN_QUOTED_INCLUDE_IN_FRAMEWORK_HEADER = YES;
				CLANG_WARN_RANGE_LOOP_ANALYSIS = YES;
				CLANG_WARN_STRICT_PROTOTYPES = YES;
				CLANG_WARN_SUSPICIOUS_MOVE = YES;
				CLANG_WARN_UNGUARDED_AVAILABILITY = YES_AGGRESSIVE;
				CLANG_WARN_UNREACHABLE_CODE = YES;
				CLANG_WARN__DUPLICATE_METHOD_MATCH = YES;
				COPY_PHASE_STRIP = NO;
				DEBUG_INFORMATION_FORMAT = dwarf;
				ENABLE_STRICT_OBJC_MSGSEND = YES;
				ENABLE_TESTABILITY = YES;
				GCC_C_LANGUAGE_STANDARD = gnu11;
				GCC_DYNAMIC_NO_PIC = NO;
				GCC_NO_COMMON_BLOCKS = YES;
				GCC_OPTIMIZATION_LEVEL = 0;
				GCC_PREPROCESSOR_DEFINITIONS = (
					"DEBUG=1",
					"$(inherited)",
				);
				GCC_WARN_64_TO_32_BIT_CONVERSION = YES;
				GCC_WARN_ABOUT_RETURN_TYPE = YES_ERROR;
				GCC_WARN_UNDECLARED_SELECTOR = YES;
				GCC_WARN_UNINITIALIZED_AUTOS = YES_AGGRESSIVE;
				GCC_WARN_UNUSED_FUNCTION = YES;
				GCC_WARN_UNUSED_VARIABLE = YES;
				IPHONEOS_DEPLOYMENT_TARGET = 16.0;
				MTL_ENABLE_DEBUG_INFO = INCLUDE_SOURCE;
				MTL_FAST_MATH = YES;
				ONLY_ACTIVE_ARCH = YES;
				SDKROOT = iphoneos;
				SWIFT_ACTIVE_COMPILATION_CONDITIONS = DEBUG;
				SWIFT_OPTIMIZATION_LEVEL = "-Onone";
			};
			name = Debug;
		};
		DD5826E028E3A3D60085849D /* Release */ = {
			isa = XCBuildConfiguration;
			buildSettings = {
				ALWAYS_SEARCH_USER_PATHS = NO;
				CLANG_ANALYZER_NONNULL = YES;
				CLANG_ANALYZER_NUMBER_OBJECT_CONVERSION = YES_AGGRESSIVE;
				CLANG_CXX_LANGUAGE_STANDARD = "gnu++20";
				CLANG_ENABLE_MODULES = YES;
				CLANG_ENABLE_OBJC_ARC = YES;
				CLANG_ENABLE_OBJC_WEAK = YES;
				CLANG_WARN_BLOCK_CAPTURE_AUTORELEASING = YES;
				CLANG_WARN_BOOL_CONVERSION = YES;
				CLANG_WARN_COMMA = YES;
				CLANG_WARN_CONSTANT_CONVERSION = YES;
				CLANG_WARN_DEPRECATED_OBJC_IMPLEMENTATIONS = YES;
				CLANG_WARN_DIRECT_OBJC_ISA_USAGE = YES_ERROR;
				CLANG_WARN_DOCUMENTATION_COMMENTS = YES;
				CLANG_WARN_EMPTY_BODY = YES;
				CLANG_WARN_ENUM_CONVERSION = YES;
				CLANG_WARN_INFINITE_RECURSION = YES;
				CLANG_WARN_INT_CONVERSION = YES;
				CLANG_WARN_NON_LITERAL_NULL_CONVERSION = YES;
				CLANG_WARN_OBJC_IMPLICIT_RETAIN_SELF = YES;
				CLANG_WARN_OBJC_LITERAL_CONVERSION = YES;
				CLANG_WARN_OBJC_ROOT_CLASS = YES_ERROR;
				CLANG_WARN_QUOTED_INCLUDE_IN_FRAMEWORK_HEADER = YES;
				CLANG_WARN_RANGE_LOOP_ANALYSIS = YES;
				CLANG_WARN_STRICT_PROTOTYPES = YES;
				CLANG_WARN_SUSPICIOUS_MOVE = YES;
				CLANG_WARN_UNGUARDED_AVAILABILITY = YES_AGGRESSIVE;
				CLANG_WARN_UNREACHABLE_CODE = YES;
				CLANG_WARN__DUPLICATE_METHOD_MATCH = YES;
				COPY_PHASE_STRIP = NO;
				DEBUG_INFORMATION_FORMAT = "dwarf-with-dsym";
				ENABLE_NS_ASSERTIONS = NO;
				ENABLE_STRICT_OBJC_MSGSEND = YES;
				GCC_C_LANGUAGE_STANDARD = gnu11;
				GCC_NO_COMMON_BLOCKS = YES;
				GCC_WARN_64_TO_32_BIT_CONVERSION = YES;
				GCC_WARN_ABOUT_RETURN_TYPE = YES_ERROR;
				GCC_WARN_UNDECLARED_SELECTOR = YES;
				GCC_WARN_UNINITIALIZED_AUTOS = YES_AGGRESSIVE;
				GCC_WARN_UNUSED_FUNCTION = YES;
				GCC_WARN_UNUSED_VARIABLE = YES;
				IPHONEOS_DEPLOYMENT_TARGET = 16.0;
				MTL_ENABLE_DEBUG_INFO = NO;
				MTL_FAST_MATH = YES;
				SDKROOT = iphoneos;
				SWIFT_COMPILATION_MODE = wholemodule;
				SWIFT_OPTIMIZATION_LEVEL = "-O";
				VALIDATE_PRODUCT = YES;
			};
			name = Release;
		};
		DD5826E228E3A3D60085849D /* Debug */ = {
			isa = XCBuildConfiguration;
			buildSettings = {
				ASSETCATALOG_COMPILER_APPICON_NAME = AppIcon;
				ASSETCATALOG_COMPILER_GLOBAL_ACCENT_COLOR_NAME = AccentColor;
				CODE_SIGN_STYLE = Automatic;
				CURRENT_PROJECT_VERSION = 1;
				DEVELOPMENT_ASSET_PATHS = "\"Africa/Preview Content\"";
				DEVELOPMENT_TEAM = X2RUR9L778;
				ENABLE_PREVIEWS = YES;
				GENERATE_INFOPLIST_FILE = YES;
				INFOPLIST_FILE = Africa/Info.plist;
				INFOPLIST_KEY_CFBundleDisplayName = "";
				INFOPLIST_KEY_UIApplicationSceneManifest_Generation = YES;
				INFOPLIST_KEY_UIApplicationSupportsIndirectInputEvents = YES;
				INFOPLIST_KEY_UISupportedInterfaceOrientations_iPad = "UIInterfaceOrientationPortrait UIInterfaceOrientationPortraitUpsideDown UIInterfaceOrientationLandscapeLeft UIInterfaceOrientationLandscapeRight";
				INFOPLIST_KEY_UISupportedInterfaceOrientations_iPhone = "UIInterfaceOrientationPortrait UIInterfaceOrientationLandscapeLeft UIInterfaceOrientationLandscapeRight";
				INFOPLIST_KEY_UIUserInterfaceStyle = Dark;
				LD_RUNPATH_SEARCH_PATHS = (
					"$(inherited)",
					"@executable_path/Frameworks",
				);
				MARKETING_VERSION = 1.0;
				PRODUCT_BUNDLE_IDENTIFIER = com.Monica.Africa;
				PRODUCT_NAME = "$(TARGET_NAME)";
				SWIFT_EMIT_LOC_STRINGS = YES;
				SWIFT_VERSION = 5.0;
				TARGETED_DEVICE_FAMILY = "1,2";
			};
			name = Debug;
		};
		DD5826E328E3A3D60085849D /* Release */ = {
			isa = XCBuildConfiguration;
			buildSettings = {
				ASSETCATALOG_COMPILER_APPICON_NAME = AppIcon;
				ASSETCATALOG_COMPILER_GLOBAL_ACCENT_COLOR_NAME = AccentColor;
				CODE_SIGN_STYLE = Automatic;
				CURRENT_PROJECT_VERSION = 1;
				DEVELOPMENT_ASSET_PATHS = "\"Africa/Preview Content\"";
				DEVELOPMENT_TEAM = X2RUR9L778;
				ENABLE_PREVIEWS = YES;
				GENERATE_INFOPLIST_FILE = YES;
				INFOPLIST_FILE = Africa/Info.plist;
				INFOPLIST_KEY_CFBundleDisplayName = "";
				INFOPLIST_KEY_UIApplicationSceneManifest_Generation = YES;
				INFOPLIST_KEY_UIApplicationSupportsIndirectInputEvents = YES;
				INFOPLIST_KEY_UISupportedInterfaceOrientations_iPad = "UIInterfaceOrientationPortrait UIInterfaceOrientationPortraitUpsideDown UIInterfaceOrientationLandscapeLeft UIInterfaceOrientationLandscapeRight";
				INFOPLIST_KEY_UISupportedInterfaceOrientations_iPhone = "UIInterfaceOrientationPortrait UIInterfaceOrientationLandscapeLeft UIInterfaceOrientationLandscapeRight";
				INFOPLIST_KEY_UIUserInterfaceStyle = Dark;
				LD_RUNPATH_SEARCH_PATHS = (
					"$(inherited)",
					"@executable_path/Frameworks",
				);
				MARKETING_VERSION = 1.0;
				PRODUCT_BUNDLE_IDENTIFIER = com.Monica.Africa;
				PRODUCT_NAME = "$(TARGET_NAME)";
				SWIFT_EMIT_LOC_STRINGS = YES;
				SWIFT_VERSION = 5.0;
				TARGETED_DEVICE_FAMILY = "1,2";
			};
			name = Release;
		};
/* End XCBuildConfiguration section */

/* Begin XCConfigurationList section */
		DD5826CE28E3A3D50085849D /* Build configuration list for PBXProject "Africa" */ = {
			isa = XCConfigurationList;
			buildConfigurations = (
				DD5826DF28E3A3D60085849D /* Debug */,
				DD5826E028E3A3D60085849D /* Release */,
			);
			defaultConfigurationIsVisible = 0;
			defaultConfigurationName = Release;
		};
		DD5826E128E3A3D60085849D /* Build configuration list for PBXNativeTarget "Africa" */ = {
			isa = XCConfigurationList;
			buildConfigurations = (
				DD5826E228E3A3D60085849D /* Debug */,
				DD5826E328E3A3D60085849D /* Release */,
			);
			defaultConfigurationIsVisible = 0;
			defaultConfigurationName = Release;
		};
/* End XCConfigurationList section */
	};
	rootObject = DD5826CB28E3A3D50085849D /* Project object */;
}
